PODS:
  - DateTimePicker (2.5.3)
  - IQKeyboardManagerSwift (6.5.10)
  - MBCircularProgressBar (0.3.5)
  - PDFGenerator (3.1.0)
  - SQLite.swift (0.13.3):
    - SQLite.swift/standard (= 0.13.3)
  - SQLite.swift/standard (0.13.3)

DEPENDENCIES:
  - DateTimePicker (~> 2.5)
  - IQKeyboardManagerSwift
  - MBCircularProgressBar
  - PDFGenerator
  - SQLite.swift

SPEC REPOS:
  trunk:
    - DateTimePicker
    - IQKeyboardManagerSwift
    - MBCircularProgressBar
    - PDFGenerator
    - SQLite.swift

SPEC CHECKSUMS:
  DateTimePicker: 52701ddf656a50856d3510955933f767cd2c947c
  IQKeyboardManagerSwift: 52962c76ab33532f15ad9f3ff4e5715eda5335bb
  MBCircularProgressBar: 0b795b722a5eb5b0923822f90474e2576a1a7855
  PDFGenerator: 17d6bc525db0a3fcd156fbf00f9d1b8d5cc75d1e
  SQLite.swift: 903bfa3bc9ab06345fdfbb578e34f47cfcf417da

PODFILE CHECKSUM: df345471a781e25557ca6384f2c8e51f0a7e692a

COCOAPODS: 1.14.3
